// !$*UTF8*$!
{
	archiveVersion = 1;
	classes = {
	};
	objectVersion = 50;
	objects = {

/* Begin PBXBuildFile section */
		DA3A0FF423FB84A90029398C /* AppDelegate.swift in Sources */ = {isa = PBXBuildFile; fileRef = DA3A0FF323FB84A90029398C /* AppDelegate.swift */; };
		DA3A0FF623FB84A90029398C /* SceneDelegate.swift in Sources */ = {isa = PBXBuildFile; fileRef = DA3A0FF523FB84A90029398C /* SceneDelegate.swift */; };
		DA3A0FFB23FB84A90029398C /* Main.storyboard in Resources */ = {isa = PBXBuildFile; fileRef = DA3A0FF923FB84A90029398C /* Main.storyboard */; };
		DA3A0FFD23FB84AF0029398C /* Assets.xcassets in Resources */ = {isa = PBXBuildFile; fileRef = DA3A0FFC23FB84AF0029398C /* Assets.xcassets */; };
		DA3A100023FB84AF0029398C /* LaunchScreen.storyboard in Resources */ = {isa = PBXBuildFile; fileRef = DA3A0FFE23FB84AF0029398C /* LaunchScreen.storyboard */; };
		DA3A100D23FB858A0029398C /* GradientView.swift in Sources */ = {isa = PBXBuildFile; fileRef = DA3A100C23FB858A0029398C /* GradientView.swift */; };
		DA3A100F23FB860B0029398C /* RoundedCornerView.swift in Sources */ = {isa = PBXBuildFile; fileRef = DA3A100E23FB860B0029398C /* RoundedCornerView.swift */; };
		DA3A101123FB88690029398C /* Default-568h@2x.png in Resources */ = {isa = PBXBuildFile; fileRef = DA3A101023FB88690029398C /* Default-568h@2x.png */; };
		DA3A101323FB89790029398C /* HomeTBC.swift in Sources */ = {isa = PBXBuildFile; fileRef = DA3A101223FB89790029398C /* HomeTBC.swift */; };
/* End PBXBuildFile section */

/* Begin PBXFileReference section */
		DA3A0FF023FB84A80029398C /* ApplicationTracker.app */ = {isa = PBXFileReference; explicitFileType = wrapper.application; includeInIndex = 0; path = ApplicationTracker.app; sourceTree = BUILT_PRODUCTS_DIR; };
		DA3A0FF323FB84A90029398C /* AppDelegate.swift */ = {isa = PBXFileReference; lastKnownFileType = sourcecode.swift; path = AppDelegate.swift; sourceTree = "<group>"; };
		DA3A0FF523FB84A90029398C /* SceneDelegate.swift */ = {isa = PBXFileReference; lastKnownFileType = sourcecode.swift; path = SceneDelegate.swift; sourceTree = "<group>"; };
		DA3A0FFA23FB84A90029398C /* Base */ = {isa = PBXFileReference; lastKnownFileType = file.storyboard; name = Base; path = Base.lproj/Main.storyboard; sourceTree = "<group>"; };
		DA3A0FFC23FB84AF0029398C /* Assets.xcassets */ = {isa = PBXFileReference; lastKnownFileType = folder.assetcatalog; path = Assets.xcassets; sourceTree = "<group>"; };
		DA3A0FFF23FB84AF0029398C /* Base */ = {isa = PBXFileReference; lastKnownFileType = file.storyboard; name = Base; path = Base.lproj/LaunchScreen.storyboard; sourceTree = "<group>"; };
		DA3A100123FB84AF0029398C /* Info.plist */ = {isa = PBXFileReference; lastKnownFileType = text.plist.xml; path = Info.plist; sourceTree = "<group>"; };
		DA3A100C23FB858A0029398C /* GradientView.swift */ = {isa = PBXFileReference; lastKnownFileType = sourcecode.swift; path = GradientView.swift; sourceTree = "<group>"; };
		DA3A100E23FB860B0029398C /* RoundedCornerView.swift */ = {isa = PBXFileReference; lastKnownFileType = sourcecode.swift; path = RoundedCornerView.swift; sourceTree = "<group>"; };
		DA3A101023FB88690029398C /* Default-568h@2x.png */ = {isa = PBXFileReference; lastKnownFileType = image.png; path = "Default-568h@2x.png"; sourceTree = "<group>"; };
		DA3A101223FB89790029398C /* HomeTBC.swift */ = {isa = PBXFileReference; lastKnownFileType = sourcecode.swift; path = HomeTBC.swift; sourceTree = "<group>"; };
/* End PBXFileReference section */

/* Begin PBXFrameworksBuildPhase section */
		DA3A0FED23FB84A80029398C /* Frameworks */ = {
			isa = PBXFrameworksBuildPhase;
			buildActionMask = 2147483647;
			files = (
			);
			runOnlyForDeploymentPostprocessing = 0;
		};
/* End PBXFrameworksBuildPhase section */

/* Begin PBXGroup section */
		DA3A0FE723FB84A80029398C = {
			isa = PBXGroup;
			children = (
				DA3A101023FB88690029398C /* Default-568h@2x.png */,
				DA3A0FF223FB84A90029398C /* ApplicationTracker */,
				DA3A0FF123FB84A80029398C /* Products */,
			);
			sourceTree = "<group>";
		};
		DA3A0FF123FB84A80029398C /* Products */ = {
			isa = PBXGroup;
			children = (
				DA3A0FF023FB84A80029398C /* ApplicationTracker.app */,
			);
			name = Products;
			sourceTree = "<group>";
		};
		DA3A0FF223FB84A90029398C /* ApplicationTracker */ = {
			isa = PBXGroup;
			children = (
				DA3A100A23FB851B0029398C /* Model */,
				DA3A100923FB85190029398C /* View */,
				DA3A100823FB85120029398C /* Controller */,
				DA3A100723FB850E0029398C /* Supporting Files */,
				DA3A0FFC23FB84AF0029398C /* Assets.xcassets */,
			);
			path = ApplicationTracker;
			sourceTree = "<group>";
		};
		DA3A100723FB850E0029398C /* Supporting Files */ = {
			isa = PBXGroup;
			children = (
				DA3A100123FB84AF0029398C /* Info.plist */,
			);
			path = "Supporting Files";
			sourceTree = "<group>";
		};
		DA3A100823FB85120029398C /* Controller */ = {
			isa = PBXGroup;
			children = (
				DA3A0FF523FB84A90029398C /* SceneDelegate.swift */,
				DA3A0FF323FB84A90029398C /* AppDelegate.swift */,
				DA3A101223FB89790029398C /* HomeTBC.swift */,
			);
			path = Controller;
			sourceTree = "<group>";
		};
		DA3A100923FB85190029398C /* View */ = {
			isa = PBXGroup;
			children = (
				DA3A0FFE23FB84AF0029398C /* LaunchScreen.storyboard */,
				DA3A0FF923FB84A90029398C /* Main.storyboard */,
			);
			path = View;
			sourceTree = "<group>";
		};
		DA3A100A23FB851B0029398C /* Model */ = {
			isa = PBXGroup;
			children = (
				DA3A100B23FB85560029398C /* Extras for App */,
			);
			path = Model;
			sourceTree = "<group>";
		};
		DA3A100B23FB85560029398C /* Extras for App */ = {
			isa = PBXGroup;
			children = (
				DA3A100C23FB858A0029398C /* GradientView.swift */,
				DA3A100E23FB860B0029398C /* RoundedCornerView.swift */,
			);
			path = "Extras for App";
			sourceTree = "<group>";
		};
/* End PBXGroup section */

/* Begin PBXNativeTarget section */
		DA3A0FEF23FB84A80029398C /* ApplicationTracker */ = {
			isa = PBXNativeTarget;
			buildConfigurationList = DA3A100423FB84AF0029398C /* Build configuration list for PBXNativeTarget "ApplicationTracker" */;
			buildPhases = (
				DA3A0FEC23FB84A80029398C /* Sources */,
				DA3A0FED23FB84A80029398C /* Frameworks */,
				DA3A0FEE23FB84A80029398C /* Resources */,
			);
			buildRules = (
			);
			dependencies = (
			);
			name = ApplicationTracker;
			productName = ApplicationTracker;
			productReference = DA3A0FF023FB84A80029398C /* ApplicationTracker.app */;
			productType = "com.apple.product-type.application";
		};
/* End PBXNativeTarget section */

/* Begin PBXProject section */
		DA3A0FE823FB84A80029398C /* Project object */ = {
			isa = PBXProject;
			attributes = {
				LastSwiftUpdateCheck = 1130;
				LastUpgradeCheck = 1130;
				ORGANIZATIONNAME = "Kinney Kare";
				TargetAttributes = {
					DA3A0FEF23FB84A80029398C = {
						CreatedOnToolsVersion = 11.3.1;
					};
				};
			};
			buildConfigurationList = DA3A0FEB23FB84A80029398C /* Build configuration list for PBXProject "ApplicationTracker" */;
			compatibilityVersion = "Xcode 9.3";
			developmentRegion = en;
			hasScannedForEncodings = 0;
			knownRegions = (
				en,
				Base,
			);
			mainGroup = DA3A0FE723FB84A80029398C;
			productRefGroup = DA3A0FF123FB84A80029398C /* Products */;
			projectDirPath = "";
			projectRoot = "";
			targets = (
				DA3A0FEF23FB84A80029398C /* ApplicationTracker */,
			);
		};
/* End PBXProject section */

/* Begin PBXResourcesBuildPhase section */
		DA3A0FEE23FB84A80029398C /* Resources */ = {
			isa = PBXResourcesBuildPhase;
			buildActionMask = 2147483647;
			files = (
				DA3A100023FB84AF0029398C /* LaunchScreen.storyboard in Resources */,
				DA3A101123FB88690029398C /* Default-568h@2x.png in Resources */,
				DA3A0FFD23FB84AF0029398C /* Assets.xcassets in Resources */,
				DA3A0FFB23FB84A90029398C /* Main.storyboard in Resources */,
			);
			runOnlyForDeploymentPostprocessing = 0;
		};
/* End PBXResourcesBuildPhase section */

/* Begin PBXSourcesBuildPhase section */
		DA3A0FEC23FB84A80029398C /* Sources */ = {
			isa = PBXSourcesBuildPhase;
			buildActionMask = 2147483647;
			files = (
				DA3A100F23FB860B0029398C /* RoundedCornerView.swift in Sources */,
				DA3A0FF423FB84A90029398C /* AppDelegate.swift in Sources */,
				DA3A100D23FB858A0029398C /* GradientView.swift in Sources */,
				DA3A0FF623FB84A90029398C /* SceneDelegate.swift in Sources */,
				DA3A101323FB89790029398C /* HomeTBC.swift in Sources */,
			);
			runOnlyForDeploymentPostprocessing = 0;
		};
/* End PBXSourcesBuildPhase section */

/* Begin PBXVariantGroup section */
		DA3A0FF923FB84A90029398C /* Main.storyboard */ = {
			isa = PBXVariantGroup;
			children = (
				DA3A0FFA23FB84A90029398C /* Base */,
			);
			name = Main.storyboard;
			sourceTree = "<group>";
		};
		DA3A0FFE23FB84AF0029398C /* LaunchScreen.storyboard */ = {
			isa = PBXVariantGroup;
			children = (
				DA3A0FFF23FB84AF0029398C /* Base */,
			);
			name = LaunchScreen.storyboard;
			sourceTree = "<group>";
		};
/* End PBXVariantGroup section */

/* Begin XCBuildConfiguration section */
		DA3A100223FB84AF0029398C /* Debug */ = {
			isa = XCBuildConfiguration;
			buildSettings = {
				ALWAYS_SEARCH_USER_PATHS = NO;
				CLANG_ANALYZER_NONNULL = YES;
				CLANG_ANALYZER_NUMBER_OBJECT_CONVERSION = YES_AGGRESSIVE;
				CLANG_CXX_LANGUAGE_STANDARD = "gnu++14";
				CLANG_CXX_LIBRARY = "libc++";
				CLANG_ENABLE_MODULES = YES;
				CLANG_ENABLE_OBJC_ARC = YES;
				CLANG_ENABLE_OBJC_WEAK = YES;
				CLANG_WARN_BLOCK_CAPTURE_AUTORELEASING = YES;
				CLANG_WARN_BOOL_CONVERSION = YES;
				CLANG_WARN_COMMA = YES;
				CLANG_WARN_CONSTANT_CONVERSION = YES;
				CLANG_WARN_DEPRECATED_OBJC_IMPLEMENTATIONS = YES;
				CLANG_WARN_DIRECT_OBJC_ISA_USAGE = YES_ERROR;
				CLANG_WARN_DOCUMENTATION_COMMENTS = YES;
				CLANG_WARN_EMPTY_BODY = YES;
				CLANG_WARN_ENUM_CONVERSION = YES;
				CLANG_WARN_INFINITE_RECURSION = YES;
				CLANG_WARN_INT_CONVERSION = YES;
				CLANG_WARN_NON_LITERAL_NULL_CONVERSION = YES;
				CLANG_WARN_OBJC_IMPLICIT_RETAIN_SELF = YES;
				CLANG_WARN_OBJC_LITERAL_CONVERSION = YES;
				CLANG_WARN_OBJC_ROOT_CLASS = YES_ERROR;
				CLANG_WARN_RANGE_LOOP_ANALYSIS = YES;
				CLANG_WARN_STRICT_PROTOTYPES = YES;
				CLANG_WARN_SUSPICIOUS_MOVE = YES;
				CLANG_WARN_UNGUARDED_AVAILABILITY = YES_AGGRESSIVE;
				CLANG_WARN_UNREACHABLE_CODE = YES;
				CLANG_WARN__DUPLICATE_METHOD_MATCH = YES;
				COPY_PHASE_STRIP = NO;
				DEBUG_INFORMATION_FORMAT = dwarf;
				ENABLE_STRICT_OBJC_MSGSEND = YES;
				ENABLE_TESTABILITY = YES;
				GCC_C_LANGUAGE_STANDARD = gnu11;
				GCC_DYNAMIC_NO_PIC = NO;
				GCC_NO_COMMON_BLOCKS = YES;
				GCC_OPTIMIZATION_LEVEL = 0;
				GCC_PREPROCESSOR_DEFINITIONS = (
					"DEBUG=1",
					"$(inherited)",
				);
				GCC_WARN_64_TO_32_BIT_CONVERSION = YES;
				GCC_WARN_ABOUT_RETURN_TYPE = YES_ERROR;
				GCC_WARN_UNDECLARED_SELECTOR = YES;
				GCC_WARN_UNINITIALIZED_AUTOS = YES_AGGRESSIVE;
				GCC_WARN_UNUSED_FUNCTION = YES;
				GCC_WARN_UNUSED_VARIABLE = YES;
				IPHONEOS_DEPLOYMENT_TARGET = 13.2;
				MTL_ENABLE_DEBUG_INFO = INCLUDE_SOURCE;
				MTL_FAST_MATH = YES;
				ONLY_ACTIVE_ARCH = YES;
				SDKROOT = iphoneos;
				SWIFT_ACTIVE_COMPILATION_CONDITIONS = DEBUG;
				SWIFT_OPTIMIZATION_LEVEL = "-Onone";
			};
			name = Debug;
		};
		DA3A100323FB84AF0029398C /* Release */ = {
			isa = XCBuildConfiguration;
			buildSettings = {
				ALWAYS_SEARCH_USER_PATHS = NO;
				CLANG_ANALYZER_NONNULL = YES;
				CLANG_ANALYZER_NUMBER_OBJECT_CONVERSION = YES_AGGRESSIVE;
				CLANG_CXX_LANGUAGE_STANDARD = "gnu++14";
				CLANG_CXX_LIBRARY = "libc++";
				CLANG_ENABLE_MODULES = YES;
				CLANG_ENABLE_OBJC_ARC = YES;
				CLANG_ENABLE_OBJC_WEAK = YES;
				CLANG_WARN_BLOCK_CAPTURE_AUTORELEASING = YES;
				CLANG_WARN_BOOL_CONVERSION = YES;
				CLANG_WARN_COMMA = YES;
				CLANG_WARN_CONSTANT_CONVERSION = YES;
				CLANG_WARN_DEPRECATED_OBJC_IMPLEMENTATIONS = YES;
				CLANG_WARN_DIRECT_OBJC_ISA_USAGE = YES_ERROR;
				CLANG_WARN_DOCUMENTATION_COMMENTS = YES;
				CLANG_WARN_EMPTY_BODY = YES;
				CLANG_WARN_ENUM_CONVERSION = YES;
				CLANG_WARN_INFINITE_RECURSION = YES;
				CLANG_WARN_INT_CONVERSION = YES;
				CLANG_WARN_NON_LITERAL_NULL_CONVERSION = YES;
				CLANG_WARN_OBJC_IMPLICIT_RETAIN_SELF = YES;
				CLANG_WARN_OBJC_LITERAL_CONVERSION = YES;
				CLANG_WARN_OBJC_ROOT_CLASS = YES_ERROR;
				CLANG_WARN_RANGE_LOOP_ANALYSIS = YES;
				CLANG_WARN_STRICT_PROTOTYPES = YES;
				CLANG_WARN_SUSPICIOUS_MOVE = YES;
				CLANG_WARN_UNGUARDED_AVAILABILITY = YES_AGGRESSIVE;
				CLANG_WARN_UNREACHABLE_CODE = YES;
				CLANG_WARN__DUPLICATE_METHOD_MATCH = YES;
				COPY_PHASE_STRIP = NO;
				DEBUG_INFORMATION_FORMAT = "dwarf-with-dsym";
				ENABLE_NS_ASSERTIONS = NO;
				ENABLE_STRICT_OBJC_MSGSEND = YES;
				GCC_C_LANGUAGE_STANDARD = gnu11;
				GCC_NO_COMMON_BLOCKS = YES;
				GCC_WARN_64_TO_32_BIT_CONVERSION = YES;
				GCC_WARN_ABOUT_RETURN_TYPE = YES_ERROR;
				GCC_WARN_UNDECLARED_SELECTOR = YES;
				GCC_WARN_UNINITIALIZED_AUTOS = YES_AGGRESSIVE;
				GCC_WARN_UNUSED_FUNCTION = YES;
				GCC_WARN_UNUSED_VARIABLE = YES;
				IPHONEOS_DEPLOYMENT_TARGET = 13.2;
				MTL_ENABLE_DEBUG_INFO = NO;
				MTL_FAST_MATH = YES;
				SDKROOT = iphoneos;
				SWIFT_COMPILATION_MODE = wholemodule;
				SWIFT_OPTIMIZATION_LEVEL = "-O";
				VALIDATE_PRODUCT = YES;
			};
			name = Release;
		};
		DA3A100523FB84AF0029398C /* Debug */ = {
			isa = XCBuildConfiguration;
			buildSettings = {
				ASSETCATALOG_COMPILER_APPICON_NAME = AppIcon;
				CODE_SIGN_STYLE = Automatic;
				DEVELOPMENT_TEAM = R7SHSK6MNC;
				INFOPLIST_FILE = "ApplicationTracker/Supporting Files/Info.plist";
				LD_RUNPATH_SEARCH_PATHS = (
					"$(inherited)",
					"@executable_path/Frameworks",
				);
				PRODUCT_BUNDLE_IDENTIFIER = com.kinneykare.ApplicationTracker;
				PRODUCT_NAME = "$(TARGET_NAME)";
				SWIFT_VERSION = 5.0;
				TARGETED_DEVICE_FAMILY = 1;
			};
			name = Debug;
		};
		DA3A100623FB84AF0029398C /* Release */ = {
			isa = XCBuildConfiguration;
			buildSettings = {
				ASSETCATALOG_COMPILER_APPICON_NAME = AppIcon;
				CODE_SIGN_STYLE = Automatic;
				DEVELOPMENT_TEAM = R7SHSK6MNC;
				INFOPLIST_FILE = "ApplicationTracker/Supporting Files/Info.plist";
				LD_RUNPATH_SEARCH_PATHS = (
					"$(inherited)",
					"@executable_path/Frameworks",
				);
				PRODUCT_BUNDLE_IDENTIFIER = com.kinneykare.ApplicationTracker;
				PRODUCT_NAME = "$(TARGET_NAME)";
				SWIFT_VERSION = 5.0;
				TARGETED_DEVICE_FAMILY = 1;
			};
			name = Release;
		};
/* End XCBuildConfiguration section */

/* Begin XCConfigurationList section */
		DA3A0FEB23FB84A80029398C /* Build configuration list for PBXProject "ApplicationTracker" */ = {
			isa = XCConfigurationList;
			buildConfigurations = (
				DA3A100223FB84AF0029398C /* Debug */,
				DA3A100323FB84AF0029398C /* Release */,
			);
			defaultConfigurationIsVisible = 0;
			defaultConfigurationName = Release;
		};
		DA3A100423FB84AF0029398C /* Build configuration list for PBXNativeTarget "ApplicationTracker" */ = {
			isa = XCConfigurationList;
			buildConfigurations = (
				DA3A100523FB84AF0029398C /* Debug */,
				DA3A100623FB84AF0029398C /* Release */,
			);
			defaultConfigurationIsVisible = 0;
			defaultConfigurationName = Release;
		};
/* End XCConfigurationList section */
	};
	rootObject = DA3A0FE823FB84A80029398C /* Project object */;
}
